
Microsoft Visual Studio Solution File, Format Version 12.00
# Visual Studio 15
VisualStudioVersion = 15.0.26430.6
MinimumVisualStudioVersion = 10.0.40219.1
Project("{E53339B2-1760-4266-BCC7-CA923CBCF16C}") = "docker-compose", "docker-compose.dcproj", "{09C0AEB3-CFB0-4F09-8220-5A88E8CF76BC}"
EndProject
Project("{9A19103F-16F7-4668-BE54-9A1E7A4F7556}") = "Logbook.Contract", "Logbook.Contract\Logbook.Contract.csproj", "{58433785-72DD-4B11-8246-6840CCF52440}"
EndProject
Project("{9A19103F-16F7-4668-BE54-9A1E7A4F7556}") = "Logbook.Test", "Logbook.Test\Logbook.Test.csproj", "{CEF0ED22-8011-4F09-8B15-5D719D647A21}"
EndProject
Project("{9A19103F-16F7-4668-BE54-9A1E7A4F7556}") = "Logbook.Client", "Logbook.Client\Logbook.Client.csproj", "{4139D0A5-04C4-47C1-89F6-BCCE323DD883}"
EndProject
Project("{9A19103F-16F7-4668-BE54-9A1E7A4F7556}") = "Logbook.Processor", "Logbook.Processor\Logbook.Processor.csproj", "{5FA749B3-3FCD-49F1-BB4B-A6A2826357D4}"
EndProject
Global
	GlobalSection(SolutionConfigurationPlatforms) = preSolution
		Debug|Any CPU = Debug|Any CPU
		Release|Any CPU = Release|Any CPU
	EndGlobalSection
	GlobalSection(ProjectConfigurationPlatforms) = postSolution
		{09C0AEB3-CFB0-4F09-8220-5A88E8CF76BC}.Debug|Any CPU.ActiveCfg = Debug|Any CPU
		{09C0AEB3-CFB0-4F09-8220-5A88E8CF76BC}.Debug|Any CPU.Build.0 = Debug|Any CPU
		{09C0AEB3-CFB0-4F09-8220-5A88E8CF76BC}.Release|Any CPU.ActiveCfg = Release|Any CPU
		{09C0AEB3-CFB0-4F09-8220-5A88E8CF76BC}.Release|Any CPU.Build.0 = Release|Any CPU
		{58433785-72DD-4B11-8246-6840CCF52440}.Debug|Any CPU.ActiveCfg = Debug|Any CPU
		{58433785-72DD-4B11-8246-6840CCF52440}.Debug|Any CPU.Build.0 = Debug|Any CPU
		{58433785-72DD-4B11-8246-6840CCF52440}.Release|Any CPU.ActiveCfg = Release|Any CPU
		{58433785-72DD-4B11-8246-6840CCF52440}.Release|Any CPU.Build.0 = Release|Any CPU
		{CEF0ED22-8011-4F09-8B15-5D719D647A21}.Debug|Any CPU.ActiveCfg = Debug|Any CPU
		{CEF0ED22-8011-4F09-8B15-5D719D647A21}.Debug|Any CPU.Build.0 = Debug|Any CPU
		{CEF0ED22-8011-4F09-8B15-5D719D647A21}.Release|Any CPU.ActiveCfg = Release|Any CPU
		{CEF0ED22-8011-4F09-8B15-5D719D647A21}.Release|Any CPU.Build.0 = Release|Any CPU
		{4139D0A5-04C4-47C1-89F6-BCCE323DD883}.Debug|Any CPU.ActiveCfg = Debug|Any CPU
		{4139D0A5-04C4-47C1-89F6-BCCE323DD883}.Debug|Any CPU.Build.0 = Debug|Any CPU
		{4139D0A5-04C4-47C1-89F6-BCCE323DD883}.Release|Any CPU.ActiveCfg = Release|Any CPU
		{4139D0A5-04C4-47C1-89F6-BCCE323DD883}.Release|Any CPU.Build.0 = Release|Any CPU
		{5FA749B3-3FCD-49F1-BB4B-A6A2826357D4}.Debug|Any CPU.ActiveCfg = Debug|Any CPU
		{5FA749B3-3FCD-49F1-BB4B-A6A2826357D4}.Debug|Any CPU.Build.0 = Debug|Any CPU
		{5FA749B3-3FCD-49F1-BB4B-A6A2826357D4}.Release|Any CPU.ActiveCfg = Release|Any CPU
		{5FA749B3-3FCD-49F1-BB4B-A6A2826357D4}.Release|Any CPU.Build.0 = Release|Any CPU
	EndGlobalSection
	GlobalSection(SolutionProperties) = preSolution
		HideSolutionNode = FALSE
	EndGlobalSection
	GlobalSection(ExtensibilityGlobals) = postSolution
		SolutionGuid = {E5F9985F-4F6E-40AF-AD18-650B0933DA2E}
	EndGlobalSection
EndGlobal
